// !$*UTF8*$!
{
	archiveVersion = 1;
	classes = {
	};
	objectVersion = 50;
	objects = {

/* Begin PBXBuildFile section */
		00CBC3B49136DC36ADBFCB99 /* Pods_OrgaNicerUITests.framework in Frameworks */ = {isa = PBXBuildFile; fileRef = C7D0CB03AF9D48D2E7388B25 /* Pods_OrgaNicerUITests.framework */; };
		337BAC3570C78BCA1C4458B6 /* Pods_OrgaNicer.framework in Frameworks */ = {isa = PBXBuildFile; fileRef = 6258C7E5B4B24E7EF0DEEA3F /* Pods_OrgaNicer.framework */; };
		5ABC61AB0AF65F39D054F7C4 /* Pods_OrgaNicerTests.framework in Frameworks */ = {isa = PBXBuildFile; fileRef = 048E06A9EA6368297E63084F /* Pods_OrgaNicerTests.framework */; };
		C90749B72145A1D3000D26DB /* SettingsTableViewController.swift in Sources */ = {isa = PBXBuildFile; fileRef = C90749B62145A1D3000D26DB /* SettingsTableViewController.swift */; };
		C90F49DA210615E7006DA22A /* TaskSettingsTableViewController.swift in Sources */ = {isa = PBXBuildFile; fileRef = C90F49D9210615E7006DA22A /* TaskSettingsTableViewController.swift */; };
		C9253551213AAC6900FB9F92 /* Settings.swift in Sources */ = {isa = PBXBuildFile; fileRef = C9253550213AAC6900FB9F92 /* Settings.swift */; };
		C937589F211832B200B986D3 /* Deadline.swift in Sources */ = {isa = PBXBuildFile; fileRef = C937589E211832B200B986D3 /* Deadline.swift */; };
		C93758A12118C47500B986D3 /* AlarmManager.swift in Sources */ = {isa = PBXBuildFile; fileRef = C93758A02118C47500B986D3 /* AlarmManager.swift */; };
		C93758A721196FDE00B986D3 /* Alarm.swift in Sources */ = {isa = PBXBuildFile; fileRef = C93758A621196FDE00B986D3 /* Alarm.swift */; };
		C938A99E20CB1920006E76E7 /* TaskCheckList.swift in Sources */ = {isa = PBXBuildFile; fileRef = C938A99D20CB1920006E76E7 /* TaskCheckList.swift */; };
		C938A9A020CB193B006E76E7 /* TaskConsecutiveList.swift in Sources */ = {isa = PBXBuildFile; fileRef = C938A99F20CB193B006E76E7 /* TaskConsecutiveList.swift */; };
		C938A9A320CB1CAB006E76E7 /* CheckListView.swift in Sources */ = {isa = PBXBuildFile; fileRef = C938A9A220CB1CAB006E76E7 /* CheckListView.swift */; };
		C938A9A520CB1CC9006E76E7 /* ConsecutiveListView.swift in Sources */ = {isa = PBXBuildFile; fileRef = C938A9A420CB1CC9006E76E7 /* ConsecutiveListView.swift */; };
		C93F4DD72132BF6100AD5DBD /* ConsecutiveListViewLine.swift in Sources */ = {isa = PBXBuildFile; fileRef = C93F4DD62132BF6100AD5DBD /* ConsecutiveListViewLine.swift */; };
		C943FA6E21241E2E001F6A33 /* TaskCategorySettings.swift in Sources */ = {isa = PBXBuildFile; fileRef = C943FA6D21241E2E001F6A33 /* TaskCategorySettings.swift */; };
		C948D6A02150DD5600FAE27E /* TutorialPageViewController.swift in Sources */ = {isa = PBXBuildFile; fileRef = C948D69F2150DD5600FAE27E /* TutorialPageViewController.swift */; };
		C948D6A22150E02200FAE27E /* TutorialViewController.swift in Sources */ = {isa = PBXBuildFile; fileRef = C948D6A12150E02200FAE27E /* TutorialViewController.swift */; };
		C948D6A42151041200FAE27E /* TutorialPage.swift in Sources */ = {isa = PBXBuildFile; fileRef = C948D6A32151041200FAE27E /* TutorialPage.swift */; };
		C949FBC321479EC9002F0238 /* ProgressbarView.swift in Sources */ = {isa = PBXBuildFile; fileRef = C949FBC221479EC9002F0238 /* ProgressbarView.swift */; };
		C949FBC52147A1CA002F0238 /* PriorityGradientView.swift in Sources */ = {isa = PBXBuildFile; fileRef = C949FBC42147A1CA002F0238 /* PriorityGradientView.swift */; };
		C958386F20FCED0F00E355C7 /* SelectorCollectionView.swift in Sources */ = {isa = PBXBuildFile; fileRef = C958386E20FCED0F00E355C7 /* SelectorCollectionView.swift */; };
		C96993152104776200922177 /* SettingsArchive.swift in Sources */ = {isa = PBXBuildFile; fileRef = C96993142104776200922177 /* SettingsArchive.swift */; };
		C9699318210503AA00922177 /* TaskCategorySettingsTableViewController.swift in Sources */ = {isa = PBXBuildFile; fileRef = C9699317210503AA00922177 /* TaskCategorySettingsTableViewController.swift */; };
		C9713E8920C596680074F232 /* AppDelegate.swift in Sources */ = {isa = PBXBuildFile; fileRef = C9713E8820C596680074F232 /* AppDelegate.swift */; };
		C9713E8E20C596680074F232 /* Main.storyboard in Resources */ = {isa = PBXBuildFile; fileRef = C9713E8C20C596680074F232 /* Main.storyboard */; };
		C9713E9020C596690074F232 /* Assets.xcassets in Resources */ = {isa = PBXBuildFile; fileRef = C9713E8F20C596690074F232 /* Assets.xcassets */; };
		C9713E9320C596690074F232 /* LaunchScreen.storyboard in Resources */ = {isa = PBXBuildFile; fileRef = C9713E9120C596690074F232 /* LaunchScreen.storyboard */; };
		C9713E9E20C596690074F232 /* OrgaNiceTests.swift in Sources */ = {isa = PBXBuildFile; fileRef = C9713E9D20C596690074F232 /* OrgaNiceTests.swift */; };
		C9713EA920C596690074F232 /* OrgaNiceUITests.swift in Sources */ = {isa = PBXBuildFile; fileRef = C9713EA820C596690074F232 /* OrgaNiceUITests.swift */; };
		C9713EF520C597810074F232 /* Utils.swift in Sources */ = {isa = PBXBuildFile; fileRef = C9713EDF20C597810074F232 /* Utils.swift */; };
		C9713EF620C597810074F232 /* TaskCategory.swift in Sources */ = {isa = PBXBuildFile; fileRef = C9713EE120C597810074F232 /* TaskCategory.swift */; };
		C9713EF720C597810074F232 /* TaskCategoryManager.swift in Sources */ = {isa = PBXBuildFile; fileRef = C9713EE220C597810074F232 /* TaskCategoryManager.swift */; };
		C9713EFA20C597810074F232 /* TaskManager.swift in Sources */ = {isa = PBXBuildFile; fileRef = C9713EE520C597810074F232 /* TaskManager.swift */; };
		C9713EFB20C597810074F232 /* Task.swift in Sources */ = {isa = PBXBuildFile; fileRef = C9713EE620C597810074F232 /* Task.swift */; };
		C9713EFD20C597810074F232 /* TaskArchive.swift in Sources */ = {isa = PBXBuildFile; fileRef = C9713EE920C597810074F232 /* TaskArchive.swift */; };
		C9713F0020C597810074F232 /* TaskTableViewCell.swift in Sources */ = {isa = PBXBuildFile; fileRef = C9713EEE20C597810074F232 /* TaskTableViewCell.swift */; };
		C9713F0220C597810074F232 /* SelectorCollectionViewLayoutAttributes.swift in Sources */ = {isa = PBXBuildFile; fileRef = C9713EF120C597810074F232 /* SelectorCollectionViewLayoutAttributes.swift */; };
		C9713F0320C597810074F232 /* SelectorCollectionViewLayout.swift in Sources */ = {isa = PBXBuildFile; fileRef = C9713EF220C597810074F232 /* SelectorCollectionViewLayout.swift */; };
		C9713F0420C597810074F232 /* SelectorCollectionViewCell.swift in Sources */ = {isa = PBXBuildFile; fileRef = C9713EF320C597810074F232 /* SelectorCollectionViewCell.swift */; };
		C9713F0520C597810074F232 /* TaskTableViewController.swift in Sources */ = {isa = PBXBuildFile; fileRef = C9713EF420C597810074F232 /* TaskTableViewController.swift */; };
		C9713F0720C5CEE30074F232 /* TaskTableNavigationController.swift in Sources */ = {isa = PBXBuildFile; fileRef = C9713F0620C5CEE30074F232 /* TaskTableNavigationController.swift */; };
		C97428F121398E4C00727470 /* SideMenu.swift in Sources */ = {isa = PBXBuildFile; fileRef = C97428F021398E4C00727470 /* SideMenu.swift */; };
		C97428F321398E5800727470 /* SideMenuButton.swift in Sources */ = {isa = PBXBuildFile; fileRef = C97428F221398E5800727470 /* SideMenuButton.swift */; };
		C97428F62139A27500727470 /* PrivacyPolicyViewController.swift in Sources */ = {isa = PBXBuildFile; fileRef = C97428F52139A27500727470 /* PrivacyPolicyViewController.swift */; };
		C97428F92139BD1000727470 /* FeedbackViewController.swift in Sources */ = {isa = PBXBuildFile; fileRef = C97428F82139BD1000727470 /* FeedbackViewController.swift */; };
		C97D0BBE20CB0F3C00991895 /* TaskTableViewCellContent.swift in Sources */ = {isa = PBXBuildFile; fileRef = C97D0BBD20CB0F3C00991895 /* TaskTableViewCellContent.swift */; };
		C998040921282A700010FFD4 /* MainTask.swift in Sources */ = {isa = PBXBuildFile; fileRef = C998040821282A700010FFD4 /* MainTask.swift */; };
		C998040C212831E10010FFD4 /* OverlayDecisionView.swift in Sources */ = {isa = PBXBuildFile; fileRef = C998040B212831E10010FFD4 /* OverlayDecisionView.swift */; };
		C998040F21297BD20010FFD4 /* TaskTableDisplayable.swift in Sources */ = {isa = PBXBuildFile; fileRef = C998040E21297BD20010FFD4 /* TaskTableDisplayable.swift */; };
		C9BAF3AC2131330800375DD0 /* CheckListViewLine.swift in Sources */ = {isa = PBXBuildFile; fileRef = C9BAF3AB2131330800375DD0 /* CheckListViewLine.swift */; };
		C9BAF3AE213134A100375DD0 /* Checkbox.swift in Sources */ = {isa = PBXBuildFile; fileRef = C9BAF3AD213134A100375DD0 /* Checkbox.swift */; };
		C9BD5FAD213DCC2E0049C5AB /* GoogleService-Info.plist in Resources */ = {isa = PBXBuildFile; fileRef = C9BD5FAC213DCC2D0049C5AB /* GoogleService-Info.plist */; };
		C9C3D71820CC66C900C881D3 /* SelectorCollectionViewCellAdd.swift in Sources */ = {isa = PBXBuildFile; fileRef = C9C3D71720CC66C900C881D3 /* SelectorCollectionViewCellAdd.swift */; };
		C9C3D71D20CC6BCE00C881D3 /* Localizable.strings in Resources */ = {isa = PBXBuildFile; fileRef = C9C3D71F20CC6BCE00C881D3 /* Localizable.strings */; };
		C9D5C28B2103400A00AAE177 /* TableTabBar.swift in Sources */ = {isa = PBXBuildFile; fileRef = C9D5C28A2103400A00AAE177 /* TableTabBar.swift */; };
		C9FD8CC7214E4D9B00FF5655 /* Themes.swift in Sources */ = {isa = PBXBuildFile; fileRef = C9FD8CC6214E4D9B00FF5655 /* Themes.swift */; };
/* End PBXBuildFile section */

/* Begin PBXContainerItemProxy section */
		C9713E9A20C596690074F232 /* PBXContainerItemProxy */ = {
			isa = PBXContainerItemProxy;
			containerPortal = C9713E7D20C596680074F232 /* Project object */;
			proxyType = 1;
			remoteGlobalIDString = C9713E8420C596680074F232;
			remoteInfo = OrgaNice;
		};
		C9713EA520C596690074F232 /* PBXContainerItemProxy */ = {
			isa = PBXContainerItemProxy;
			containerPortal = C9713E7D20C596680074F232 /* Project object */;
			proxyType = 1;
			remoteGlobalIDString = C9713E8420C596680074F232;
			remoteInfo = OrgaNice;
		};
/* End PBXContainerItemProxy section */

/* Begin PBXFileReference section */
		048E06A9EA6368297E63084F /* Pods_OrgaNicerTests.framework */ = {isa = PBXFileReference; explicitFileType = wrapper.framework; includeInIndex = 0; path = Pods_OrgaNicerTests.framework; sourceTree = BUILT_PRODUCTS_DIR; };
		09B7C7FC2EDA973060BD29E7 /* Pods-OrgaNicerTests.release.xcconfig */ = {isa = PBXFileReference; includeInIndex = 1; lastKnownFileType = text.xcconfig; name = "Pods-OrgaNicerTests.release.xcconfig"; path = "Pods/Target Support Files/Pods-OrgaNicerTests/Pods-OrgaNicerTests.release.xcconfig"; sourceTree = "<group>"; };
		0A2E613B0C9CE8B580DF0B76 /* Pods-OrgaNicerTests.debug.xcconfig */ = {isa = PBXFileReference; includeInIndex = 1; lastKnownFileType = text.xcconfig; name = "Pods-OrgaNicerTests.debug.xcconfig"; path = "Pods/Target Support Files/Pods-OrgaNicerTests/Pods-OrgaNicerTests.debug.xcconfig"; sourceTree = "<group>"; };
		432ED411DC15E745ABDE2093 /* Pods-OrgaNicer.debug.xcconfig */ = {isa = PBXFileReference; includeInIndex = 1; lastKnownFileType = text.xcconfig; name = "Pods-OrgaNicer.debug.xcconfig"; path = "Pods/Target Support Files/Pods-OrgaNicer/Pods-OrgaNicer.debug.xcconfig"; sourceTree = "<group>"; };
		489E6983B659462420BEC817 /* Pods-OrgaNicerUITests.debug.xcconfig */ = {isa = PBXFileReference; includeInIndex = 1; lastKnownFileType = text.xcconfig; name = "Pods-OrgaNicerUITests.debug.xcconfig"; path = "Pods/Target Support Files/Pods-OrgaNicerUITests/Pods-OrgaNicerUITests.debug.xcconfig"; sourceTree = "<group>"; };
		57A3291A77A6730254370196 /* Pods-OrgaNicer.release.xcconfig */ = {isa = PBXFileReference; includeInIndex = 1; lastKnownFileType = text.xcconfig; name = "Pods-OrgaNicer.release.xcconfig"; path = "Pods/Target Support Files/Pods-OrgaNicer/Pods-OrgaNicer.release.xcconfig"; sourceTree = "<group>"; };
		6258C7E5B4B24E7EF0DEEA3F /* Pods_OrgaNicer.framework */ = {isa = PBXFileReference; explicitFileType = wrapper.framework; includeInIndex = 0; path = Pods_OrgaNicer.framework; sourceTree = BUILT_PRODUCTS_DIR; };
		99AEFD749B9B64B03FBAA340 /* Pods-OrgaNicerUITests.release.xcconfig */ = {isa = PBXFileReference; includeInIndex = 1; lastKnownFileType = text.xcconfig; name = "Pods-OrgaNicerUITests.release.xcconfig"; path = "Pods/Target Support Files/Pods-OrgaNicerUITests/Pods-OrgaNicerUITests.release.xcconfig"; sourceTree = "<group>"; };
		C7D0CB03AF9D48D2E7388B25 /* Pods_OrgaNicerUITests.framework */ = {isa = PBXFileReference; explicitFileType = wrapper.framework; includeInIndex = 0; path = Pods_OrgaNicerUITests.framework; sourceTree = BUILT_PRODUCTS_DIR; };
		C90749B62145A1D3000D26DB /* SettingsTableViewController.swift */ = {isa = PBXFileReference; lastKnownFileType = sourcecode.swift; path = SettingsTableViewController.swift; sourceTree = "<group>"; };
		C90F49D9210615E7006DA22A /* TaskSettingsTableViewController.swift */ = {isa = PBXFileReference; lastKnownFileType = sourcecode.swift; path = TaskSettingsTableViewController.swift; sourceTree = "<group>"; };
		C9192A4B20CD8F2200526CB5 /* Base */ = {isa = PBXFileReference; lastKnownFileType = text.plist.strings; name = Base; path = Base.lproj/Localizable.strings; sourceTree = "<group>"; };
		C9253550213AAC6900FB9F92 /* Settings.swift */ = {isa = PBXFileReference; lastKnownFileType = sourcecode.swift; path = Settings.swift; sourceTree = "<group>"; };
		C937589E211832B200B986D3 /* Deadline.swift */ = {isa = PBXFileReference; lastKnownFileType = sourcecode.swift; path = Deadline.swift; sourceTree = "<group>"; };
		C93758A02118C47500B986D3 /* AlarmManager.swift */ = {isa = PBXFileReference; lastKnownFileType = sourcecode.swift; path = AlarmManager.swift; sourceTree = "<group>"; };
		C93758A621196FDE00B986D3 /* Alarm.swift */ = {isa = PBXFileReference; lastKnownFileType = sourcecode.swift; path = Alarm.swift; sourceTree = "<group>"; };
		C938A99D20CB1920006E76E7 /* TaskCheckList.swift */ = {isa = PBXFileReference; lastKnownFileType = sourcecode.swift; path = TaskCheckList.swift; sourceTree = "<group>"; };
		C938A99F20CB193B006E76E7 /* TaskConsecutiveList.swift */ = {isa = PBXFileReference; lastKnownFileType = sourcecode.swift; path = TaskConsecutiveList.swift; sourceTree = "<group>"; };
		C938A9A220CB1CAB006E76E7 /* CheckListView.swift */ = {isa = PBXFileReference; lastKnownFileType = sourcecode.swift; path = CheckListView.swift; sourceTree = "<group>"; };
		C938A9A420CB1CC9006E76E7 /* ConsecutiveListView.swift */ = {isa = PBXFileReference; lastKnownFileType = sourcecode.swift; path = ConsecutiveListView.swift; sourceTree = "<group>"; };
		C93F4DD62132BF6100AD5DBD /* ConsecutiveListViewLine.swift */ = {isa = PBXFileReference; lastKnownFileType = sourcecode.swift; path = ConsecutiveListViewLine.swift; sourceTree = "<group>"; };
		C943FA6D21241E2E001F6A33 /* TaskCategorySettings.swift */ = {isa = PBXFileReference; lastKnownFileType = sourcecode.swift; path = TaskCategorySettings.swift; sourceTree = "<group>"; };
		C948D69F2150DD5600FAE27E /* TutorialPageViewController.swift */ = {isa = PBXFileReference; lastKnownFileType = sourcecode.swift; path = TutorialPageViewController.swift; sourceTree = "<group>"; };
		C948D6A12150E02200FAE27E /* TutorialViewController.swift */ = {isa = PBXFileReference; lastKnownFileType = sourcecode.swift; path = TutorialViewController.swift; sourceTree = "<group>"; };
		C948D6A32151041200FAE27E /* TutorialPage.swift */ = {isa = PBXFileReference; lastKnownFileType = sourcecode.swift; path = TutorialPage.swift; sourceTree = "<group>"; };
		C949FBC221479EC9002F0238 /* ProgressbarView.swift */ = {isa = PBXFileReference; lastKnownFileType = sourcecode.swift; path = ProgressbarView.swift; sourceTree = "<group>"; };
		C949FBC42147A1CA002F0238 /* PriorityGradientView.swift */ = {isa = PBXFileReference; lastKnownFileType = sourcecode.swift; path = PriorityGradientView.swift; sourceTree = "<group>"; };
		C958386E20FCED0F00E355C7 /* SelectorCollectionView.swift */ = {isa = PBXFileReference; lastKnownFileType = sourcecode.swift; path = SelectorCollectionView.swift; sourceTree = "<group>"; };
		C96993142104776200922177 /* SettingsArchive.swift */ = {isa = PBXFileReference; lastKnownFileType = sourcecode.swift; path = SettingsArchive.swift; sourceTree = "<group>"; };
		C9699317210503AA00922177 /* TaskCategorySettingsTableViewController.swift */ = {isa = PBXFileReference; lastKnownFileType = sourcecode.swift; path = TaskCategorySettingsTableViewController.swift; sourceTree = "<group>"; };
		C9713E8520C596680074F232 /* OrgaNicer.app */ = {isa = PBXFileReference; explicitFileType = wrapper.application; includeInIndex = 0; path = OrgaNicer.app; sourceTree = BUILT_PRODUCTS_DIR; };
		C9713E8820C596680074F232 /* AppDelegate.swift */ = {isa = PBXFileReference; lastKnownFileType = sourcecode.swift; path = AppDelegate.swift; sourceTree = "<group>"; };
		C9713E8D20C596680074F232 /* Base */ = {isa = PBXFileReference; lastKnownFileType = file.storyboard; name = Base; path = Base.lproj/Main.storyboard; sourceTree = "<group>"; };
		C9713E8F20C596690074F232 /* Assets.xcassets */ = {isa = PBXFileReference; lastKnownFileType = folder.assetcatalog; path = Assets.xcassets; sourceTree = "<group>"; };
		C9713E9220C596690074F232 /* Base */ = {isa = PBXFileReference; lastKnownFileType = file.storyboard; name = Base; path = Base.lproj/LaunchScreen.storyboard; sourceTree = "<group>"; };
		C9713E9420C596690074F232 /* Info.plist */ = {isa = PBXFileReference; lastKnownFileType = text.plist.xml; path = Info.plist; sourceTree = "<group>"; };
		C9713E9920C596690074F232 /* OrgaNicerTests.xctest */ = {isa = PBXFileReference; explicitFileType = wrapper.cfbundle; includeInIndex = 0; path = OrgaNicerTests.xctest; sourceTree = BUILT_PRODUCTS_DIR; };
		C9713E9D20C596690074F232 /* OrgaNiceTests.swift */ = {isa = PBXFileReference; lastKnownFileType = sourcecode.swift; path = OrgaNiceTests.swift; sourceTree = "<group>"; };
		C9713E9F20C596690074F232 /* Info.plist */ = {isa = PBXFileReference; lastKnownFileType = text.plist.xml; path = Info.plist; sourceTree = "<group>"; };
		C9713EA420C596690074F232 /* OrgaNicerUITests.xctest */ = {isa = PBXFileReference; explicitFileType = wrapper.cfbundle; includeInIndex = 0; path = OrgaNicerUITests.xctest; sourceTree = BUILT_PRODUCTS_DIR; };
		C9713EA820C596690074F232 /* OrgaNiceUITests.swift */ = {isa = PBXFileReference; lastKnownFileType = sourcecode.swift; path = OrgaNiceUITests.swift; sourceTree = "<group>"; };
		C9713EAA20C596690074F232 /* Info.plist */ = {isa = PBXFileReference; lastKnownFileType = text.plist.xml; path = Info.plist; sourceTree = "<group>"; };
		C9713EDF20C597810074F232 /* Utils.swift */ = {isa = PBXFileReference; fileEncoding = 4; lastKnownFileType = sourcecode.swift; path = Utils.swift; sourceTree = "<group>"; };
		C9713EE120C597810074F232 /* TaskCategory.swift */ = {isa = PBXFileReference; fileEncoding = 4; lastKnownFileType = sourcecode.swift; path = TaskCategory.swift; sourceTree = "<group>"; };
		C9713EE220C597810074F232 /* TaskCategoryManager.swift */ = {isa = PBXFileReference; fileEncoding = 4; lastKnownFileType = sourcecode.swift; path = TaskCategoryManager.swift; sourceTree = "<group>"; };
		C9713EE520C597810074F232 /* TaskManager.swift */ = {isa = PBXFileReference; fileEncoding = 4; lastKnownFileType = sourcecode.swift; path = TaskManager.swift; sourceTree = "<group>"; };
		C9713EE620C597810074F232 /* Task.swift */ = {isa = PBXFileReference; fileEncoding = 4; lastKnownFileType = sourcecode.swift; path = Task.swift; sourceTree = "<group>"; };
		C9713EE920C597810074F232 /* TaskArchive.swift */ = {isa = PBXFileReference; fileEncoding = 4; lastKnownFileType = sourcecode.swift; path = TaskArchive.swift; sourceTree = "<group>"; };
		C9713EEE20C597810074F232 /* TaskTableViewCell.swift */ = {isa = PBXFileReference; fileEncoding = 4; lastKnownFileType = sourcecode.swift; path = TaskTableViewCell.swift; sourceTree = "<group>"; };
		C9713EF120C597810074F232 /* SelectorCollectionViewLayoutAttributes.swift */ = {isa = PBXFileReference; fileEncoding = 4; lastKnownFileType = sourcecode.swift; path = SelectorCollectionViewLayoutAttributes.swift; sourceTree = "<group>"; };
		C9713EF220C597810074F232 /* SelectorCollectionViewLayout.swift */ = {isa = PBXFileReference; fileEncoding = 4; lastKnownFileType = sourcecode.swift; path = SelectorCollectionViewLayout.swift; sourceTree = "<group>"; };
		C9713EF320C597810074F232 /* SelectorCollectionViewCell.swift */ = {isa = PBXFileReference; fileEncoding = 4; lastKnownFileType = sourcecode.swift; path = SelectorCollectionViewCell.swift; sourceTree = "<group>"; };
		C9713EF420C597810074F232 /* TaskTableViewController.swift */ = {isa = PBXFileReference; fileEncoding = 4; lastKnownFileType = sourcecode.swift; path = TaskTableViewController.swift; sourceTree = "<group>"; };
		C9713F0620C5CEE30074F232 /* TaskTableNavigationController.swift */ = {isa = PBXFileReference; lastKnownFileType = sourcecode.swift; path = TaskTableNavigationController.swift; sourceTree = "<group>"; };
		C97428F021398E4C00727470 /* SideMenu.swift */ = {isa = PBXFileReference; lastKnownFileType = sourcecode.swift; path = SideMenu.swift; sourceTree = "<group>"; };
		C97428F221398E5800727470 /* SideMenuButton.swift */ = {isa = PBXFileReference; lastKnownFileType = sourcecode.swift; path = SideMenuButton.swift; sourceTree = "<group>"; };
		C97428F52139A27500727470 /* PrivacyPolicyViewController.swift */ = {isa = PBXFileReference; lastKnownFileType = sourcecode.swift; path = PrivacyPolicyViewController.swift; sourceTree = "<group>"; };
		C97428F82139BD1000727470 /* FeedbackViewController.swift */ = {isa = PBXFileReference; lastKnownFileType = sourcecode.swift; path = FeedbackViewController.swift; sourceTree = "<group>"; };
		C97D0BBD20CB0F3C00991895 /* TaskTableViewCellContent.swift */ = {isa = PBXFileReference; lastKnownFileType = sourcecode.swift; path = TaskTableViewCellContent.swift; sourceTree = "<group>"; };
		C998040821282A700010FFD4 /* MainTask.swift */ = {isa = PBXFileReference; lastKnownFileType = sourcecode.swift; path = MainTask.swift; sourceTree = "<group>"; };
		C998040B212831E10010FFD4 /* OverlayDecisionView.swift */ = {isa = PBXFileReference; lastKnownFileType = sourcecode.swift; path = OverlayDecisionView.swift; sourceTree = "<group>"; };
		C998040E21297BD20010FFD4 /* TaskTableDisplayable.swift */ = {isa = PBXFileReference; lastKnownFileType = sourcecode.swift; path = TaskTableDisplayable.swift; sourceTree = "<group>"; };
		C9BAF3AB2131330800375DD0 /* CheckListViewLine.swift */ = {isa = PBXFileReference; lastKnownFileType = sourcecode.swift; path = CheckListViewLine.swift; sourceTree = "<group>"; };
		C9BAF3AD213134A100375DD0 /* Checkbox.swift */ = {isa = PBXFileReference; lastKnownFileType = sourcecode.swift; path = Checkbox.swift; sourceTree = "<group>"; };
		C9BD5FAC213DCC2D0049C5AB /* GoogleService-Info.plist */ = {isa = PBXFileReference; fileEncoding = 4; lastKnownFileType = text.plist.xml; name = "GoogleService-Info.plist"; path = "../../../../../Desktop/GoogleService-Info.plist"; sourceTree = "<group>"; };
		C9C3D71720CC66C900C881D3 /* SelectorCollectionViewCellAdd.swift */ = {isa = PBXFileReference; lastKnownFileType = sourcecode.swift; path = SelectorCollectionViewCellAdd.swift; sourceTree = "<group>"; };
		C9C3D72020CC6CDE00C881D3 /* de */ = {isa = PBXFileReference; lastKnownFileType = text.plist.strings; name = de; path = de.lproj/Main.strings; sourceTree = "<group>"; };
		C9C3D72120CC6CDE00C881D3 /* de */ = {isa = PBXFileReference; lastKnownFileType = text.plist.strings; name = de; path = de.lproj/LaunchScreen.strings; sourceTree = "<group>"; };
		C9C3D72220CC6CDE00C881D3 /* de */ = {isa = PBXFileReference; lastKnownFileType = text.plist.strings; name = de; path = de.lproj/Localizable.strings; sourceTree = "<group>"; };
		C9D5C28A2103400A00AAE177 /* TableTabBar.swift */ = {isa = PBXFileReference; lastKnownFileType = sourcecode.swift; path = TableTabBar.swift; sourceTree = "<group>"; };
		C9FD8CC6214E4D9B00FF5655 /* Themes.swift */ = {isa = PBXFileReference; lastKnownFileType = sourcecode.swift; path = Themes.swift; sourceTree = "<group>"; };
/* End PBXFileReference section */

/* Begin PBXFrameworksBuildPhase section */
		C9713E8220C596680074F232 /* Frameworks */ = {
			isa = PBXFrameworksBuildPhase;
			buildActionMask = 2147483647;
			files = (
				337BAC3570C78BCA1C4458B6 /* Pods_OrgaNicer.framework in Frameworks */,
			);
			runOnlyForDeploymentPostprocessing = 0;
		};
		C9713E9620C596690074F232 /* Frameworks */ = {
			isa = PBXFrameworksBuildPhase;
			buildActionMask = 2147483647;
			files = (
				5ABC61AB0AF65F39D054F7C4 /* Pods_OrgaNicerTests.framework in Frameworks */,
			);
			runOnlyForDeploymentPostprocessing = 0;
		};
		C9713EA120C596690074F232 /* Frameworks */ = {
			isa = PBXFrameworksBuildPhase;
			buildActionMask = 2147483647;
			files = (
				00CBC3B49136DC36ADBFCB99 /* Pods_OrgaNicerUITests.framework in Frameworks */,
			);
			runOnlyForDeploymentPostprocessing = 0;
		};
/* End PBXFrameworksBuildPhase section */

/* Begin PBXGroup section */
		3791F8018212F89E82BCC6B9 /* Pods */ = {
			isa = PBXGroup;
			children = (
				432ED411DC15E745ABDE2093 /* Pods-OrgaNicer.debug.xcconfig */,
				57A3291A77A6730254370196 /* Pods-OrgaNicer.release.xcconfig */,
				0A2E613B0C9CE8B580DF0B76 /* Pods-OrgaNicerTests.debug.xcconfig */,
				09B7C7FC2EDA973060BD29E7 /* Pods-OrgaNicerTests.release.xcconfig */,
				489E6983B659462420BEC817 /* Pods-OrgaNicerUITests.debug.xcconfig */,
				99AEFD749B9B64B03FBAA340 /* Pods-OrgaNicerUITests.release.xcconfig */,
			);
			name = Pods;
			sourceTree = "<group>";
		};
		8D3BBCC030DB5300DEE7BF87 /* Frameworks */ = {
			isa = PBXGroup;
			children = (
				6258C7E5B4B24E7EF0DEEA3F /* Pods_OrgaNicer.framework */,
				048E06A9EA6368297E63084F /* Pods_OrgaNicerTests.framework */,
				C7D0CB03AF9D48D2E7388B25 /* Pods_OrgaNicerUITests.framework */,
			);
			name = Frameworks;
			sourceTree = "<group>";
		};
		C938A9A120CB19CF006E76E7 /* Singletons */ = {
			isa = PBXGroup;
			children = (
				C9713EE520C597810074F232 /* TaskManager.swift */,
				C9713EE220C597810074F232 /* TaskCategoryManager.swift */,
			);
			path = Singletons;
			sourceTree = "<group>";
		};
		C93F4DD42132BF3600AD5DBD /* CheckListView */ = {
			isa = PBXGroup;
			children = (
				C938A9A220CB1CAB006E76E7 /* CheckListView.swift */,
				C9BAF3AB2131330800375DD0 /* CheckListViewLine.swift */,
			);
			path = CheckListView;
			sourceTree = "<group>";
		};
		C93F4DD52132BF4700AD5DBD /* ConsecutiveListView */ = {
			isa = PBXGroup;
			children = (
				C938A9A420CB1CC9006E76E7 /* ConsecutiveListView.swift */,
				C93F4DD62132BF6100AD5DBD /* ConsecutiveListViewLine.swift */,
			);
			path = ConsecutiveListView;
			sourceTree = "<group>";
		};
		C943FA6C21241E0C001F6A33 /* Settings */ = {
			isa = PBXGroup;
			children = (
				C943FA6D21241E2E001F6A33 /* TaskCategorySettings.swift */,
			);
			path = Settings;
			sourceTree = "<group>";
		};
		C948D69E2150DD3200FAE27E /* Tutorial */ = {
			isa = PBXGroup;
			children = (
				C948D69F2150DD5600FAE27E /* TutorialPageViewController.swift */,
				C948D6A12150E02200FAE27E /* TutorialViewController.swift */,
				C948D6A32151041200FAE27E /* TutorialPage.swift */,
			);
			path = Tutorial;
			sourceTree = "<group>";
		};
		C949FBC62147A1DD002F0238 /* SelectorCollectionViewCell */ = {
			isa = PBXGroup;
			children = (
				C9713EF320C597810074F232 /* SelectorCollectionViewCell.swift */,
				C9C3D71720CC66C900C881D3 /* SelectorCollectionViewCellAdd.swift */,
				C949FBC221479EC9002F0238 /* ProgressbarView.swift */,
				C949FBC42147A1CA002F0238 /* PriorityGradientView.swift */,
			);
			path = SelectorCollectionViewCell;
			sourceTree = "<group>";
		};
		C96993162105038300922177 /* Settings */ = {
			isa = PBXGroup;
			children = (
				C9699317210503AA00922177 /* TaskCategorySettingsTableViewController.swift */,
				C90F49D9210615E7006DA22A /* TaskSettingsTableViewController.swift */,
				C90749B62145A1D3000D26DB /* SettingsTableViewController.swift */,
			);
			path = Settings;
			sourceTree = "<group>";
		};
		C9713E7C20C596680074F232 = {
			isa = PBXGroup;
			children = (
				C9713E8720C596680074F232 /* OrgaNicer */,
				C9713E9C20C596690074F232 /* OrgaNicerTests */,
				C9713EA720C596690074F232 /* OrgaNicerUITests */,
				C9713E8620C596680074F232 /* Products */,
				3791F8018212F89E82BCC6B9 /* Pods */,
				8D3BBCC030DB5300DEE7BF87 /* Frameworks */,
			);
			sourceTree = "<group>";
		};
		C9713E8620C596680074F232 /* Products */ = {
			isa = PBXGroup;
			children = (
				C9713E8520C596680074F232 /* OrgaNicer.app */,
				C9713E9920C596690074F232 /* OrgaNicerTests.xctest */,
				C9713EA420C596690074F232 /* OrgaNicerUITests.xctest */,
			);
			name = Products;
			sourceTree = "<group>";
		};
		C9713E8720C596680074F232 /* OrgaNicer */ = {
			isa = PBXGroup;
			children = (
				C9713EE020C597810074F232 /* Model */,
				C9713EDE20C597810074F232 /* Other */,
				C9713EE820C597810074F232 /* Storage */,
				C9713EEA20C597810074F232 /* UI */,
				C9713E8820C596680074F232 /* AppDelegate.swift */,
				C9713E8F20C596690074F232 /* Assets.xcassets */,
				C9713E8C20C596680074F232 /* Main.storyboard */,
				C9713E9120C596690074F232 /* LaunchScreen.storyboard */,
				C9713E9420C596690074F232 /* Info.plist */,
				C9BD5FAC213DCC2D0049C5AB /* GoogleService-Info.plist */,
				C9C3D71F20CC6BCE00C881D3 /* Localizable.strings */,
			);
			path = OrgaNicer;
			sourceTree = "<group>";
		};
		C9713E9C20C596690074F232 /* OrgaNicerTests */ = {
			isa = PBXGroup;
			children = (
				C9713E9D20C596690074F232 /* OrgaNiceTests.swift */,
				C9713E9F20C596690074F232 /* Info.plist */,
			);
			path = OrgaNicerTests;
			sourceTree = "<group>";
		};
		C9713EA720C596690074F232 /* OrgaNicerUITests */ = {
			isa = PBXGroup;
			children = (
				C9713EA820C596690074F232 /* OrgaNiceUITests.swift */,
				C9713EAA20C596690074F232 /* Info.plist */,
			);
			path = OrgaNicerUITests;
			sourceTree = "<group>";
		};
		C9713EDE20C597810074F232 /* Other */ = {
			isa = PBXGroup;
			children = (
				C9713EDF20C597810074F232 /* Utils.swift */,
				C93758A02118C47500B986D3 /* AlarmManager.swift */,
				C9253550213AAC6900FB9F92 /* Settings.swift */,
				C9FD8CC6214E4D9B00FF5655 /* Themes.swift */,
			);
			path = Other;
			sourceTree = "<group>";
		};
		C9713EE020C597810074F232 /* Model */ = {
			isa = PBXGroup;
			children = (
				C998040D21297BA90010FFD4 /* Protocols */,
				C943FA6C21241E0C001F6A33 /* Settings */,
				C938A9A120CB19CF006E76E7 /* Singletons */,
				C9713EE120C597810074F232 /* TaskCategory.swift */,
				C998040821282A700010FFD4 /* MainTask.swift */,
				C9713EE620C597810074F232 /* Task.swift */,
				C938A99D20CB1920006E76E7 /* TaskCheckList.swift */,
				C938A99F20CB193B006E76E7 /* TaskConsecutiveList.swift */,
				C937589E211832B200B986D3 /* Deadline.swift */,
				C93758A621196FDE00B986D3 /* Alarm.swift */,
			);
			path = Model;
			sourceTree = "<group>";
		};
		C9713EE820C597810074F232 /* Storage */ = {
			isa = PBXGroup;
			children = (
				C9713EE920C597810074F232 /* TaskArchive.swift */,
				C96993142104776200922177 /* SettingsArchive.swift */,
			);
			path = Storage;
			sourceTree = "<group>";
		};
		C9713EEA20C597810074F232 /* UI */ = {
			isa = PBXGroup;
			children = (
				C948D69E2150DD3200FAE27E /* Tutorial */,
				C97428F72139BCFE00727470 /* Feedback */,
				C97428F42139A25D00727470 /* PrivacyPolicy */,
				C97428EF21398E3D00727470 /* SideMenu */,
				C998040A212831760010FFD4 /* OverlayDecisionView */,
				C96993162105038300922177 /* Settings */,
				C9D5C28921033FE200AAE177 /* TableTabBar */,
				C9713EF420C597810074F232 /* TaskTableViewController.swift */,
				C9713F0620C5CEE30074F232 /* TaskTableNavigationController.swift */,
				C9713EEB20C597810074F232 /* TaskTable */,
				C9713EF020C597810074F232 /* TaskListSelector */,
			);
			path = UI;
			sourceTree = "<group>";
		};
		C9713EEB20C597810074F232 /* TaskTable */ = {
			isa = PBXGroup;
			children = (
				C93F4DD52132BF4700AD5DBD /* ConsecutiveListView */,
				C93F4DD42132BF3600AD5DBD /* CheckListView */,
				C9713EEE20C597810074F232 /* TaskTableViewCell.swift */,
				C97D0BBD20CB0F3C00991895 /* TaskTableViewCellContent.swift */,
				C9BAF3AD213134A100375DD0 /* Checkbox.swift */,
			);
			path = TaskTable;
			sourceTree = "<group>";
		};
		C9713EF020C597810074F232 /* TaskListSelector */ = {
			isa = PBXGroup;
			children = (
				C949FBC62147A1DD002F0238 /* SelectorCollectionViewCell */,
				C958386E20FCED0F00E355C7 /* SelectorCollectionView.swift */,
				C9713EF120C597810074F232 /* SelectorCollectionViewLayoutAttributes.swift */,
				C9713EF220C597810074F232 /* SelectorCollectionViewLayout.swift */,
			);
			path = TaskListSelector;
			sourceTree = "<group>";
		};
		C97428EF21398E3D00727470 /* SideMenu */ = {
			isa = PBXGroup;
			children = (
				C97428F021398E4C00727470 /* SideMenu.swift */,
				C97428F221398E5800727470 /* SideMenuButton.swift */,
			);
			path = SideMenu;
			sourceTree = "<group>";
		};
		C97428F42139A25D00727470 /* PrivacyPolicy */ = {
			isa = PBXGroup;
			children = (
				C97428F52139A27500727470 /* PrivacyPolicyViewController.swift */,
			);
			path = PrivacyPolicy;
			sourceTree = "<group>";
		};
		C97428F72139BCFE00727470 /* Feedback */ = {
			isa = PBXGroup;
			children = (
				C97428F82139BD1000727470 /* FeedbackViewController.swift */,
			);
			path = Feedback;
			sourceTree = "<group>";
		};
		C998040A212831760010FFD4 /* OverlayDecisionView */ = {
			isa = PBXGroup;
			children = (
				C998040B212831E10010FFD4 /* OverlayDecisionView.swift */,
			);
			path = OverlayDecisionView;
			sourceTree = "<group>";
		};
		C998040D21297BA90010FFD4 /* Protocols */ = {
			isa = PBXGroup;
			children = (
				C998040E21297BD20010FFD4 /* TaskTableDisplayable.swift */,
			);
			path = Protocols;
			sourceTree = "<group>";
		};
		C9D5C28921033FE200AAE177 /* TableTabBar */ = {
			isa = PBXGroup;
			children = (
				C9D5C28A2103400A00AAE177 /* TableTabBar.swift */,
			);
			path = TableTabBar;
			sourceTree = "<group>";
		};
/* End PBXGroup section */

/* Begin PBXNativeTarget section */
		C9713E8420C596680074F232 /* OrgaNicer */ = {
			isa = PBXNativeTarget;
			buildConfigurationList = C9713EAD20C596690074F232 /* Build configuration list for PBXNativeTarget "OrgaNicer" */;
			buildPhases = (
				F4B189C9C69B144C022941E9 /* [CP] Check Pods Manifest.lock */,
				C9713E8120C596680074F232 /* Sources */,
				C9713E8220C596680074F232 /* Frameworks */,
				C9713E8320C596680074F232 /* Resources */,
				F23967A4940712F936D98406 /* [CP] Embed Pods Frameworks */,
				C93AE543213DCF5A002C53BB /* ShellScript */,
			);
			buildRules = (
			);
			dependencies = (
			);
			name = OrgaNicer;
			productName = OrgaNice;
			productReference = C9713E8520C596680074F232 /* OrgaNicer.app */;
			productType = "com.apple.product-type.application";
		};
		C9713E9820C596690074F232 /* OrgaNicerTests */ = {
			isa = PBXNativeTarget;
			buildConfigurationList = C9713EB020C596690074F232 /* Build configuration list for PBXNativeTarget "OrgaNicerTests" */;
			buildPhases = (
				895372956E4DADE80898EC3E /* [CP] Check Pods Manifest.lock */,
				C9713E9520C596690074F232 /* Sources */,
				C9713E9620C596690074F232 /* Frameworks */,
				C9713E9720C596690074F232 /* Resources */,
			);
			buildRules = (
			);
			dependencies = (
				C9713E9B20C596690074F232 /* PBXTargetDependency */,
			);
			name = OrgaNicerTests;
			productName = OrgaNiceTests;
			productReference = C9713E9920C596690074F232 /* OrgaNicerTests.xctest */;
			productType = "com.apple.product-type.bundle.unit-test";
		};
		C9713EA320C596690074F232 /* OrgaNicerUITests */ = {
			isa = PBXNativeTarget;
			buildConfigurationList = C9713EB320C596690074F232 /* Build configuration list for PBXNativeTarget "OrgaNicerUITests" */;
			buildPhases = (
				630CD2848198806527B8B13F /* [CP] Check Pods Manifest.lock */,
				C9713EA020C596690074F232 /* Sources */,
				C9713EA120C596690074F232 /* Frameworks */,
				C9713EA220C596690074F232 /* Resources */,
			);
			buildRules = (
			);
			dependencies = (
				C9713EA620C596690074F232 /* PBXTargetDependency */,
			);
			name = OrgaNicerUITests;
			productName = OrgaNiceUITests;
			productReference = C9713EA420C596690074F232 /* OrgaNicerUITests.xctest */;
			productType = "com.apple.product-type.bundle.ui-testing";
		};
/* End PBXNativeTarget section */

/* Begin PBXProject section */
		C9713E7D20C596680074F232 /* Project object */ = {
			isa = PBXProject;
			attributes = {
				LastSwiftUpdateCheck = 0930;
				LastUpgradeCheck = 0930;
				ORGANIZATIONNAME = "Alexander Schulz";
				TargetAttributes = {
					C9713E8420C596680074F232 = {
						CreatedOnToolsVersion = 9.3.1;
						LastSwiftMigration = 1000;
						SystemCapabilities = {
							com.apple.BackgroundModes = {
								enabled = 0;
							};
						};
					};
					C9713E9820C596690074F232 = {
						CreatedOnToolsVersion = 9.3.1;
						LastSwiftMigration = 1000;
						TestTargetID = C9713E8420C596680074F232;
					};
					C9713EA320C596690074F232 = {
						CreatedOnToolsVersion = 9.3.1;
						LastSwiftMigration = 1000;
						TestTargetID = C9713E8420C596680074F232;
					};
				};
			};
			buildConfigurationList = C9713E8020C596680074F232 /* Build configuration list for PBXProject "OrgaNicer" */;
			compatibilityVersion = "Xcode 9.3";
			developmentRegion = en;
			hasScannedForEncodings = 0;
			knownRegions = (
				en,
				Base,
				de,
			);
			mainGroup = C9713E7C20C596680074F232;
			productRefGroup = C9713E8620C596680074F232 /* Products */;
			projectDirPath = "";
			projectRoot = "";
			targets = (
				C9713E8420C596680074F232 /* OrgaNicer */,
				C9713E9820C596690074F232 /* OrgaNicerTests */,
				C9713EA320C596690074F232 /* OrgaNicerUITests */,
			);
		};
/* End PBXProject section */

/* Begin PBXResourcesBuildPhase section */
		C9713E8320C596680074F232 /* Resources */ = {
			isa = PBXResourcesBuildPhase;
			buildActionMask = 2147483647;
			files = (
				C9713E9320C596690074F232 /* LaunchScreen.storyboard in Resources */,
				C9C3D71D20CC6BCE00C881D3 /* Localizable.strings in Resources */,
				C9BD5FAD213DCC2E0049C5AB /* GoogleService-Info.plist in Resources */,
				C9713E9020C596690074F232 /* Assets.xcassets in Resources */,
				C9713E8E20C596680074F232 /* Main.storyboard in Resources */,
			);
			runOnlyForDeploymentPostprocessing = 0;
		};
		C9713E9720C596690074F232 /* Resources */ = {
			isa = PBXResourcesBuildPhase;
			buildActionMask = 2147483647;
			files = (
			);
			runOnlyForDeploymentPostprocessing = 0;
		};
		C9713EA220C596690074F232 /* Resources */ = {
			isa = PBXResourcesBuildPhase;
			buildActionMask = 2147483647;
			files = (
			);
			runOnlyForDeploymentPostprocessing = 0;
		};
/* End PBXResourcesBuildPhase section */

/* Begin PBXShellScriptBuildPhase section */
		630CD2848198806527B8B13F /* [CP] Check Pods Manifest.lock */ = {
			isa = PBXShellScriptBuildPhase;
			buildActionMask = 2147483647;
			files = (
			);
			inputPaths = (
				"${PODS_PODFILE_DIR_PATH}/Podfile.lock",
				"${PODS_ROOT}/Manifest.lock",
			);
			name = "[CP] Check Pods Manifest.lock";
			outputPaths = (
				"$(DERIVED_FILE_DIR)/Pods-OrgaNicerUITests-checkManifestLockResult.txt",
			);
			runOnlyForDeploymentPostprocessing = 0;
			shellPath = /bin/sh;
			shellScript = "diff \"${PODS_PODFILE_DIR_PATH}/Podfile.lock\" \"${PODS_ROOT}/Manifest.lock\" > /dev/null\nif [ $? != 0 ] ; then\n    # print error to STDERR\n    echo \"error: The sandbox is not in sync with the Podfile.lock. Run 'pod install' or update your CocoaPods installation.\" >&2\n    exit 1\nfi\n# This output is used by Xcode 'outputs' to avoid re-running this script phase.\necho \"SUCCESS\" > \"${SCRIPT_OUTPUT_FILE_0}\"\n";
			showEnvVarsInLog = 0;
		};
		895372956E4DADE80898EC3E /* [CP] Check Pods Manifest.lock */ = {
			isa = PBXShellScriptBuildPhase;
			buildActionMask = 2147483647;
			files = (
			);
			inputPaths = (
				"${PODS_PODFILE_DIR_PATH}/Podfile.lock",
				"${PODS_ROOT}/Manifest.lock",
			);
			name = "[CP] Check Pods Manifest.lock";
			outputPaths = (
				"$(DERIVED_FILE_DIR)/Pods-OrgaNicerTests-checkManifestLockResult.txt",
			);
			runOnlyForDeploymentPostprocessing = 0;
			shellPath = /bin/sh;
			shellScript = "diff \"${PODS_PODFILE_DIR_PATH}/Podfile.lock\" \"${PODS_ROOT}/Manifest.lock\" > /dev/null\nif [ $? != 0 ] ; then\n    # print error to STDERR\n    echo \"error: The sandbox is not in sync with the Podfile.lock. Run 'pod install' or update your CocoaPods installation.\" >&2\n    exit 1\nfi\n# This output is used by Xcode 'outputs' to avoid re-running this script phase.\necho \"SUCCESS\" > \"${SCRIPT_OUTPUT_FILE_0}\"\n";
			showEnvVarsInLog = 0;
		};
		C93AE543213DCF5A002C53BB /* ShellScript */ = {
			isa = PBXShellScriptBuildPhase;
			buildActionMask = 2147483647;
			files = (
			);
			inputPaths = (
				"$(BUILT_PRODUCTS_DIR)/$(INFOPLIST_PATH)",
			);
			outputPaths = (
			);
			runOnlyForDeploymentPostprocessing = 0;
			shellPath = /bin/sh;
			shellScript = "\"${PODS_ROOT}/Fabric/run\"";
		};
		F23967A4940712F936D98406 /* [CP] Embed Pods Frameworks */ = {
			isa = PBXShellScriptBuildPhase;
			buildActionMask = 2147483647;
			files = (
			);
			inputPaths = (
				"${SRCROOT}/Pods/Target Support Files/Pods-OrgaNicer/Pods-OrgaNicer-frameworks.sh",
				"${BUILT_PRODUCTS_DIR}/GoogleUtilities/GoogleUtilities.framework",
				"${BUILT_PRODUCTS_DIR}/SwiftReorder/SwiftReorder.framework",
				"${BUILT_PRODUCTS_DIR}/leveldb-library/leveldb.framework",
				"${BUILT_PRODUCTS_DIR}/nanopb/nanopb.framework",
			);
			name = "[CP] Embed Pods Frameworks";
			outputPaths = (
				"${TARGET_BUILD_DIR}/${FRAMEWORKS_FOLDER_PATH}/GoogleUtilities.framework",
				"${TARGET_BUILD_DIR}/${FRAMEWORKS_FOLDER_PATH}/SwiftReorder.framework",
				"${TARGET_BUILD_DIR}/${FRAMEWORKS_FOLDER_PATH}/leveldb.framework",
				"${TARGET_BUILD_DIR}/${FRAMEWORKS_FOLDER_PATH}/nanopb.framework",
			);
			runOnlyForDeploymentPostprocessing = 0;
			shellPath = /bin/sh;
			shellScript = "\"${SRCROOT}/Pods/Target Support Files/Pods-OrgaNicer/Pods-OrgaNicer-frameworks.sh\"\n";
			showEnvVarsInLog = 0;
		};
		F4B189C9C69B144C022941E9 /* [CP] Check Pods Manifest.lock */ = {
			isa = PBXShellScriptBuildPhase;
			buildActionMask = 2147483647;
			files = (
			);
			inputPaths = (
				"${PODS_PODFILE_DIR_PATH}/Podfile.lock",
				"${PODS_ROOT}/Manifest.lock",
			);
			name = "[CP] Check Pods Manifest.lock";
			outputPaths = (
				"$(DERIVED_FILE_DIR)/Pods-OrgaNicer-checkManifestLockResult.txt",
			);
			runOnlyForDeploymentPostprocessing = 0;
			shellPath = /bin/sh;
			shellScript = "diff \"${PODS_PODFILE_DIR_PATH}/Podfile.lock\" \"${PODS_ROOT}/Manifest.lock\" > /dev/null\nif [ $? != 0 ] ; then\n    # print error to STDERR\n    echo \"error: The sandbox is not in sync with the Podfile.lock. Run 'pod install' or update your CocoaPods installation.\" >&2\n    exit 1\nfi\n# This output is used by Xcode 'outputs' to avoid re-running this script phase.\necho \"SUCCESS\" > \"${SCRIPT_OUTPUT_FILE_0}\"\n";
			showEnvVarsInLog = 0;
		};
/* End PBXShellScriptBuildPhase section */

/* Begin PBXSourcesBuildPhase section */
		C9713E8120C596680074F232 /* Sources */ = {
			isa = PBXSourcesBuildPhase;
			buildActionMask = 2147483647;
			files = (
				C9D5C28B2103400A00AAE177 /* TableTabBar.swift in Sources */,
				C9713F0020C597810074F232 /* TaskTableViewCell.swift in Sources */,
				C97D0BBE20CB0F3C00991895 /* TaskTableViewCellContent.swift in Sources */,
				C97428F121398E4C00727470 /* SideMenu.swift in Sources */,
				C93758A721196FDE00B986D3 /* Alarm.swift in Sources */,
				C958386F20FCED0F00E355C7 /* SelectorCollectionView.swift in Sources */,
				C9713EF620C597810074F232 /* TaskCategory.swift in Sources */,
				C943FA6E21241E2E001F6A33 /* TaskCategorySettings.swift in Sources */,
				C949FBC321479EC9002F0238 /* ProgressbarView.swift in Sources */,
				C998040921282A700010FFD4 /* MainTask.swift in Sources */,
				C9713EFA20C597810074F232 /* TaskManager.swift in Sources */,
				C97428F92139BD1000727470 /* FeedbackViewController.swift in Sources */,
				C9713F0520C597810074F232 /* TaskTableViewController.swift in Sources */,
				C949FBC52147A1CA002F0238 /* PriorityGradientView.swift in Sources */,
				C97428F62139A27500727470 /* PrivacyPolicyViewController.swift in Sources */,
				C9713E8920C596680074F232 /* AppDelegate.swift in Sources */,
				C9713EFD20C597810074F232 /* TaskArchive.swift in Sources */,
				C96993152104776200922177 /* SettingsArchive.swift in Sources */,
				C948D6A02150DD5600FAE27E /* TutorialPageViewController.swift in Sources */,
				C9C3D71820CC66C900C881D3 /* SelectorCollectionViewCellAdd.swift in Sources */,
				C938A9A320CB1CAB006E76E7 /* CheckListView.swift in Sources */,
				C9713EF720C597810074F232 /* TaskCategoryManager.swift in Sources */,
				C9BAF3AE213134A100375DD0 /* Checkbox.swift in Sources */,
				C998040C212831E10010FFD4 /* OverlayDecisionView.swift in Sources */,
				C938A9A020CB193B006E76E7 /* TaskConsecutiveList.swift in Sources */,
				C9FD8CC7214E4D9B00FF5655 /* Themes.swift in Sources */,
				C938A9A520CB1CC9006E76E7 /* ConsecutiveListView.swift in Sources */,
				C90749B72145A1D3000D26DB /* SettingsTableViewController.swift in Sources */,
				C9713F0720C5CEE30074F232 /* TaskTableNavigationController.swift in Sources */,
				C9713F0420C597810074F232 /* SelectorCollectionViewCell.swift in Sources */,
				C9713F0220C597810074F232 /* SelectorCollectionViewLayoutAttributes.swift in Sources */,
				C9713EF520C597810074F232 /* Utils.swift in Sources */,
				C9713EFB20C597810074F232 /* Task.swift in Sources */,
				C9BAF3AC2131330800375DD0 /* CheckListViewLine.swift in Sources */,
				C9713F0320C597810074F232 /* SelectorCollectionViewLayout.swift in Sources */,
				C998040F21297BD20010FFD4 /* TaskTableDisplayable.swift in Sources */,
				C948D6A42151041200FAE27E /* TutorialPage.swift in Sources */,
				C90F49DA210615E7006DA22A /* TaskSettingsTableViewController.swift in Sources */,
				C948D6A22150E02200FAE27E /* TutorialViewController.swift in Sources */,
				C9699318210503AA00922177 /* TaskCategorySettingsTableViewController.swift in Sources */,
				C9253551213AAC6900FB9F92 /* Settings.swift in Sources */,
				C97428F321398E5800727470 /* SideMenuButton.swift in Sources */,
				C93758A12118C47500B986D3 /* AlarmManager.swift in Sources */,
				C938A99E20CB1920006E76E7 /* TaskCheckList.swift in Sources */,
				C93F4DD72132BF6100AD5DBD /* ConsecutiveListViewLine.swift in Sources */,
				C937589F211832B200B986D3 /* Deadline.swift in Sources */,
			);
			runOnlyForDeploymentPostprocessing = 0;
		};
		C9713E9520C596690074F232 /* Sources */ = {
			isa = PBXSourcesBuildPhase;
			buildActionMask = 2147483647;
			files = (
				C9713E9E20C596690074F232 /* OrgaNiceTests.swift in Sources */,
			);
			runOnlyForDeploymentPostprocessing = 0;
		};
		C9713EA020C596690074F232 /* Sources */ = {
			isa = PBXSourcesBuildPhase;
			buildActionMask = 2147483647;
			files = (
				C9713EA920C596690074F232 /* OrgaNiceUITests.swift in Sources */,
			);
			runOnlyForDeploymentPostprocessing = 0;
		};
/* End PBXSourcesBuildPhase section */

/* Begin PBXTargetDependency section */
		C9713E9B20C596690074F232 /* PBXTargetDependency */ = {
			isa = PBXTargetDependency;
			target = C9713E8420C596680074F232 /* OrgaNicer */;
			targetProxy = C9713E9A20C596690074F232 /* PBXContainerItemProxy */;
		};
		C9713EA620C596690074F232 /* PBXTargetDependency */ = {
			isa = PBXTargetDependency;
			target = C9713E8420C596680074F232 /* OrgaNicer */;
			targetProxy = C9713EA520C596690074F232 /* PBXContainerItemProxy */;
		};
/* End PBXTargetDependency section */

/* Begin PBXVariantGroup section */
		C9713E8C20C596680074F232 /* Main.storyboard */ = {
			isa = PBXVariantGroup;
			children = (
				C9713E8D20C596680074F232 /* Base */,
				C9C3D72020CC6CDE00C881D3 /* de */,
			);
			name = Main.storyboard;
			sourceTree = "<group>";
		};
		C9713E9120C596690074F232 /* LaunchScreen.storyboard */ = {
			isa = PBXVariantGroup;
			children = (
				C9713E9220C596690074F232 /* Base */,
				C9C3D72120CC6CDE00C881D3 /* de */,
			);
			name = LaunchScreen.storyboard;
			sourceTree = "<group>";
		};
		C9C3D71F20CC6BCE00C881D3 /* Localizable.strings */ = {
			isa = PBXVariantGroup;
			children = (
				C9C3D72220CC6CDE00C881D3 /* de */,
				C9192A4B20CD8F2200526CB5 /* Base */,
			);
			name = Localizable.strings;
			sourceTree = "<group>";
		};
/* End PBXVariantGroup section */

/* Begin XCBuildConfiguration section */
		C9713EAB20C596690074F232 /* Debug */ = {
			isa = XCBuildConfiguration;
			buildSettings = {
				ALWAYS_SEARCH_USER_PATHS = NO;
				CLANG_ANALYZER_LOCALIZABILITY_NONLOCALIZED = YES;
				CLANG_ANALYZER_NONNULL = YES;
				CLANG_ANALYZER_NUMBER_OBJECT_CONVERSION = YES_AGGRESSIVE;
				CLANG_CXX_LANGUAGE_STANDARD = "gnu++14";
				CLANG_CXX_LIBRARY = "libc++";
				CLANG_ENABLE_MODULES = YES;
				CLANG_ENABLE_OBJC_ARC = YES;
				CLANG_ENABLE_OBJC_WEAK = YES;
				CLANG_WARN_BLOCK_CAPTURE_AUTORELEASING = YES;
				CLANG_WARN_BOOL_CONVERSION = YES;
				CLANG_WARN_COMMA = YES;
				CLANG_WARN_CONSTANT_CONVERSION = YES;
				CLANG_WARN_DEPRECATED_OBJC_IMPLEMENTATIONS = YES;
				CLANG_WARN_DIRECT_OBJC_ISA_USAGE = YES_ERROR;
				CLANG_WARN_DOCUMENTATION_COMMENTS = YES;
				CLANG_WARN_EMPTY_BODY = YES;
				CLANG_WARN_ENUM_CONVERSION = YES;
				CLANG_WARN_INFINITE_RECURSION = YES;
				CLANG_WARN_INT_CONVERSION = YES;
				CLANG_WARN_NON_LITERAL_NULL_CONVERSION = YES;
				CLANG_WARN_OBJC_IMPLICIT_RETAIN_SELF = YES;
				CLANG_WARN_OBJC_LITERAL_CONVERSION = YES;
				CLANG_WARN_OBJC_ROOT_CLASS = YES_ERROR;
				CLANG_WARN_RANGE_LOOP_ANALYSIS = YES;
				CLANG_WARN_STRICT_PROTOTYPES = YES;
				CLANG_WARN_SUSPICIOUS_MOVE = YES;
				CLANG_WARN_UNGUARDED_AVAILABILITY = YES_AGGRESSIVE;
				CLANG_WARN_UNREACHABLE_CODE = YES;
				CLANG_WARN__DUPLICATE_METHOD_MATCH = YES;
				CODE_SIGN_IDENTITY = "iPhone Developer";
				COPY_PHASE_STRIP = NO;
				DEBUG_INFORMATION_FORMAT = dwarf;
				ENABLE_STRICT_OBJC_MSGSEND = YES;
				ENABLE_TESTABILITY = YES;
				GCC_C_LANGUAGE_STANDARD = gnu11;
				GCC_DYNAMIC_NO_PIC = NO;
				GCC_NO_COMMON_BLOCKS = YES;
				GCC_OPTIMIZATION_LEVEL = 0;
				GCC_PREPROCESSOR_DEFINITIONS = (
					"DEBUG=1",
					"$(inherited)",
				);
				GCC_WARN_64_TO_32_BIT_CONVERSION = YES;
				GCC_WARN_ABOUT_RETURN_TYPE = YES_ERROR;
				GCC_WARN_UNDECLARED_SELECTOR = YES;
				GCC_WARN_UNINITIALIZED_AUTOS = YES_AGGRESSIVE;
				GCC_WARN_UNUSED_FUNCTION = YES;
				GCC_WARN_UNUSED_VARIABLE = YES;
				IPHONEOS_DEPLOYMENT_TARGET = 10.0;
				MTL_ENABLE_DEBUG_INFO = YES;
				ONLY_ACTIVE_ARCH = YES;
				SDKROOT = iphoneos;
				SWIFT_ACTIVE_COMPILATION_CONDITIONS = DEBUG;
				SWIFT_OPTIMIZATION_LEVEL = "-Onone";
			};
			name = Debug;
		};
		C9713EAC20C596690074F232 /* Release */ = {
			isa = XCBuildConfiguration;
			buildSettings = {
				ALWAYS_SEARCH_USER_PATHS = NO;
				CLANG_ANALYZER_LOCALIZABILITY_NONLOCALIZED = YES;
				CLANG_ANALYZER_NONNULL = YES;
				CLANG_ANALYZER_NUMBER_OBJECT_CONVERSION = YES_AGGRESSIVE;
				CLANG_CXX_LANGUAGE_STANDARD = "gnu++14";
				CLANG_CXX_LIBRARY = "libc++";
				CLANG_ENABLE_MODULES = YES;
				CLANG_ENABLE_OBJC_ARC = YES;
				CLANG_ENABLE_OBJC_WEAK = YES;
				CLANG_WARN_BLOCK_CAPTURE_AUTORELEASING = YES;
				CLANG_WARN_BOOL_CONVERSION = YES;
				CLANG_WARN_COMMA = YES;
				CLANG_WARN_CONSTANT_CONVERSION = YES;
				CLANG_WARN_DEPRECATED_OBJC_IMPLEMENTATIONS = YES;
				CLANG_WARN_DIRECT_OBJC_ISA_USAGE = YES_ERROR;
				CLANG_WARN_DOCUMENTATION_COMMENTS = YES;
				CLANG_WARN_EMPTY_BODY = YES;
				CLANG_WARN_ENUM_CONVERSION = YES;
				CLANG_WARN_INFINITE_RECURSION = YES;
				CLANG_WARN_INT_CONVERSION = YES;
				CLANG_WARN_NON_LITERAL_NULL_CONVERSION = YES;
				CLANG_WARN_OBJC_IMPLICIT_RETAIN_SELF = YES;
				CLANG_WARN_OBJC_LITERAL_CONVERSION = YES;
				CLANG_WARN_OBJC_ROOT_CLASS = YES_ERROR;
				CLANG_WARN_RANGE_LOOP_ANALYSIS = YES;
				CLANG_WARN_STRICT_PROTOTYPES = YES;
				CLANG_WARN_SUSPICIOUS_MOVE = YES;
				CLANG_WARN_UNGUARDED_AVAILABILITY = YES_AGGRESSIVE;
				CLANG_WARN_UNREACHABLE_CODE = YES;
				CLANG_WARN__DUPLICATE_METHOD_MATCH = YES;
				CODE_SIGN_IDENTITY = "iPhone Developer";
				COPY_PHASE_STRIP = NO;
				DEBUG_INFORMATION_FORMAT = "dwarf-with-dsym";
				ENABLE_NS_ASSERTIONS = NO;
				ENABLE_STRICT_OBJC_MSGSEND = YES;
				GCC_C_LANGUAGE_STANDARD = gnu11;
				GCC_NO_COMMON_BLOCKS = YES;
				GCC_WARN_64_TO_32_BIT_CONVERSION = YES;
				GCC_WARN_ABOUT_RETURN_TYPE = YES_ERROR;
				GCC_WARN_UNDECLARED_SELECTOR = YES;
				GCC_WARN_UNINITIALIZED_AUTOS = YES_AGGRESSIVE;
				GCC_WARN_UNUSED_FUNCTION = YES;
				GCC_WARN_UNUSED_VARIABLE = YES;
				IPHONEOS_DEPLOYMENT_TARGET = 10.0;
				MTL_ENABLE_DEBUG_INFO = NO;
				SDKROOT = iphoneos;
				SWIFT_COMPILATION_MODE = wholemodule;
				SWIFT_OPTIMIZATION_LEVEL = "-O";
				VALIDATE_PRODUCT = YES;
			};
			name = Release;
		};
		C9713EAE20C596690074F232 /* Debug */ = {
			isa = XCBuildConfiguration;
			baseConfigurationReference = 432ED411DC15E745ABDE2093 /* Pods-OrgaNicer.debug.xcconfig */;
			buildSettings = {
				ASSETCATALOG_COMPILER_APPICON_NAME = AppIcon;
				CODE_SIGN_IDENTITY = "iPhone Developer";
				CODE_SIGN_STYLE = Automatic;
				DEBUG_INFORMATION_FORMAT = "dwarf-with-dsym";
				DEVELOPMENT_TEAM = 9WWSXM777M;
				INFOPLIST_FILE = OrgaNicer/Info.plist;
				IPHONEOS_DEPLOYMENT_TARGET = 10.0;
				LD_RUNPATH_SEARCH_PATHS = (
					"$(inherited)",
					"@executable_path/Frameworks",
				);
				PRODUCT_BUNDLE_IDENTIFIER = com.schulzalexander.organicer;
				PRODUCT_NAME = "$(TARGET_NAME)";
				PROVISIONING_PROFILE_SPECIFIER = "";
				SWIFT_VERSION = 4.0;
				TARGETED_DEVICE_FAMILY = 1;
			};
			name = Debug;
		};
		C9713EAF20C596690074F232 /* Release */ = {
			isa = XCBuildConfiguration;
			baseConfigurationReference = 57A3291A77A6730254370196 /* Pods-OrgaNicer.release.xcconfig */;
			buildSettings = {
				ASSETCATALOG_COMPILER_APPICON_NAME = AppIcon;
				CODE_SIGN_IDENTITY = "iPhone Developer";
				CODE_SIGN_STYLE = Automatic;
				DEVELOPMENT_TEAM = 9WWSXM777M;
				INFOPLIST_FILE = OrgaNicer/Info.plist;
				IPHONEOS_DEPLOYMENT_TARGET = 10.0;
				LD_RUNPATH_SEARCH_PATHS = (
					"$(inherited)",
					"@executable_path/Frameworks",
				);
				PRODUCT_BUNDLE_IDENTIFIER = com.schulzalexander.organicer;
				PRODUCT_NAME = "$(TARGET_NAME)";
				PROVISIONING_PROFILE_SPECIFIER = "";
				SWIFT_VERSION = 4.0;
				TARGETED_DEVICE_FAMILY = 1;
			};
			name = Release;
		};
		C9713EB120C596690074F232 /* Debug */ = {
			isa = XCBuildConfiguration;
			baseConfigurationReference = 0A2E613B0C9CE8B580DF0B76 /* Pods-OrgaNicerTests.debug.xcconfig */;
			buildSettings = {
				ALWAYS_EMBED_SWIFT_STANDARD_LIBRARIES = YES;
				BUNDLE_LOADER = "$(TEST_HOST)";
				CODE_SIGN_STYLE = Automatic;
				DEVELOPMENT_TEAM = FGBNPQTMV3;
				INFOPLIST_FILE = OrgaNiceTests/Info.plist;
				LD_RUNPATH_SEARCH_PATHS = (
					"$(inherited)",
					"@executable_path/Frameworks",
					"@loader_path/Frameworks",
				);
				PRODUCT_BUNDLE_IDENTIFIER = com.alexanderschulz.OrgaNiceTests;
				PRODUCT_NAME = "$(TARGET_NAME)";
				SWIFT_VERSION = 4.2;
				TARGETED_DEVICE_FAMILY = "1,2";
				TEST_HOST = "$(BUILT_PRODUCTS_DIR)/OrgaNicer.app/OrgaNicer";
			};
			name = Debug;
		};
		C9713EB220C596690074F232 /* Release */ = {
			isa = XCBuildConfiguration;
			baseConfigurationReference = 09B7C7FC2EDA973060BD29E7 /* Pods-OrgaNicerTests.release.xcconfig */;
			buildSettings = {
				ALWAYS_EMBED_SWIFT_STANDARD_LIBRARIES = YES;
				BUNDLE_LOADER = "$(TEST_HOST)";
				CODE_SIGN_STYLE = Automatic;
				DEVELOPMENT_TEAM = FGBNPQTMV3;
				INFOPLIST_FILE = OrgaNiceTests/Info.plist;
				LD_RUNPATH_SEARCH_PATHS = (
					"$(inherited)",
					"@executable_path/Frameworks",
					"@loader_path/Frameworks",
				);
				PRODUCT_BUNDLE_IDENTIFIER = com.alexanderschulz.OrgaNiceTests;
				PRODUCT_NAME = "$(TARGET_NAME)";
				SWIFT_VERSION = 4.2;
				TARGETED_DEVICE_FAMILY = "1,2";
				TEST_HOST = "$(BUILT_PRODUCTS_DIR)/OrgaNicer.app/OrgaNicer";
			};
			name = Release;
		};
		C9713EB420C596690074F232 /* Debug */ = {
			isa = XCBuildConfiguration;
			baseConfigurationReference = 489E6983B659462420BEC817 /* Pods-OrgaNicerUITests.debug.xcconfig */;
			buildSettings = {
				ALWAYS_EMBED_SWIFT_STANDARD_LIBRARIES = YES;
				CODE_SIGN_STYLE = Automatic;
				DEVELOPMENT_TEAM = FGBNPQTMV3;
				INFOPLIST_FILE = OrgaNiceUITests/Info.plist;
				LD_RUNPATH_SEARCH_PATHS = (
					"$(inherited)",
					"@executable_path/Frameworks",
					"@loader_path/Frameworks",
				);
				PRODUCT_BUNDLE_IDENTIFIER = com.alexanderschulz.OrgaNiceUITests;
				PRODUCT_NAME = "$(TARGET_NAME)";
				SWIFT_VERSION = 4.2;
				TARGETED_DEVICE_FAMILY = "1,2";
				TEST_TARGET_NAME = OrgaNice;
			};
			name = Debug;
		};
		C9713EB520C596690074F232 /* Release */ = {
			isa = XCBuildConfiguration;
			baseConfigurationReference = 99AEFD749B9B64B03FBAA340 /* Pods-OrgaNicerUITests.release.xcconfig */;
			buildSettings = {
				ALWAYS_EMBED_SWIFT_STANDARD_LIBRARIES = YES;
				CODE_SIGN_STYLE = Automatic;
				DEVELOPMENT_TEAM = FGBNPQTMV3;
				INFOPLIST_FILE = OrgaNiceUITests/Info.plist;
				LD_RUNPATH_SEARCH_PATHS = (
					"$(inherited)",
					"@executable_path/Frameworks",
					"@loader_path/Frameworks",
				);
				PRODUCT_BUNDLE_IDENTIFIER = com.alexanderschulz.OrgaNiceUITests;
				PRODUCT_NAME = "$(TARGET_NAME)";
				SWIFT_VERSION = 4.2;
				TARGETED_DEVICE_FAMILY = "1,2";
				TEST_TARGET_NAME = OrgaNice;
			};
			name = Release;
		};
/* End XCBuildConfiguration section */

/* Begin XCConfigurationList section */
		C9713E8020C596680074F232 /* Build configuration list for PBXProject "OrgaNicer" */ = {
			isa = XCConfigurationList;
			buildConfigurations = (
				C9713EAB20C596690074F232 /* Debug */,
				C9713EAC20C596690074F232 /* Release */,
			);
			defaultConfigurationIsVisible = 0;
			defaultConfigurationName = Release;
		};
		C9713EAD20C596690074F232 /* Build configuration list for PBXNativeTarget "OrgaNicer" */ = {
			isa = XCConfigurationList;
			buildConfigurations = (
				C9713EAE20C596690074F232 /* Debug */,
				C9713EAF20C596690074F232 /* Release */,
			);
			defaultConfigurationIsVisible = 0;
			defaultConfigurationName = Release;
		};
		C9713EB020C596690074F232 /* Build configuration list for PBXNativeTarget "OrgaNicerTests" */ = {
			isa = XCConfigurationList;
			buildConfigurations = (
				C9713EB120C596690074F232 /* Debug */,
				C9713EB220C596690074F232 /* Release */,
			);
			defaultConfigurationIsVisible = 0;
			defaultConfigurationName = Release;
		};
		C9713EB320C596690074F232 /* Build configuration list for PBXNativeTarget "OrgaNicerUITests" */ = {
			isa = XCConfigurationList;
			buildConfigurations = (
				C9713EB420C596690074F232 /* Debug */,
				C9713EB520C596690074F232 /* Release */,
			);
			defaultConfigurationIsVisible = 0;
			defaultConfigurationName = Release;
		};
/* End XCConfigurationList section */
	};
	rootObject = C9713E7D20C596680074F232 /* Project object */;
}
